// !$*UTF8*$!
{
	archiveVersion = 1;
	classes = {
	};
	objectVersion = 77;
	objects = {

/* Begin PBXBuildFile section */
		4234CD952F62616F004553F3 /* FirebaseAuth in Frameworks */ = {isa = PBXBuildFile; productRef = 4234CD942F62616F004553F3 /* FirebaseAuth */; };
		4234CD972F62616F004553F3 /* FirebaseCore in Frameworks */ = {isa = PBXBuildFile; productRef = 4234CD962F62616F004553F3 /* FirebaseCore */; };
		4234CD9A2F6261A7004553F3 /* GoogleSignIn in Frameworks */ = {isa = PBXBuildFile; productRef = 4234CD992F6261A7004553F3 /* GoogleSignIn */; };
		4234CD9C2F6261A7004553F3 /* GoogleSignInSwift in Frameworks */ = {isa = PBXBuildFile; productRef = 4234CD9B2F6261A7004553F3 /* GoogleSignInSwift */; };
		4234CDA52F641CAF004553F3 /* FirebaseFirestore in Frameworks */ = {isa = PBXBuildFile; productRef = 4234CDA42F641CAF004553F3 /* FirebaseFirestore */; };
		90A1B2C32F70000100A1B2C3 /* ViRestWidget.appex in Embed App Extensions */ = {isa = PBXBuildFile; fileRef = 90A1B2C42F70000100A1B2C3 /* ViRestWidget.appex */; settings = {ATTRIBUTES = (CodeSignOnCopy, RemoveHeadersOnCopy, ); }; };
/* End PBXBuildFile section */

/* Begin PBXContainerItemProxy section */
		90A1B2CA2F70000100A1B2C3 /* PBXContainerItemProxy */ = {
			isa = PBXContainerItemProxy;
			containerPortal = 64211DB62F61338500A95CBF /* Project object */;
			proxyType = 1;
			remoteGlobalIDString = 90A1B2C92F70000100A1B2C3;
			remoteInfo = ViRestWidget;
		};
		A1B2C3E52F70000100A1B2C3 /* PBXContainerItemProxy */ = {
			isa = PBXContainerItemProxy;
			containerPortal = 64211DB62F61338500A95CBF /* Project object */;
			proxyType = 1;
			remoteGlobalIDString = 64211DBD2F61338500A95CBF;
			remoteInfo = ViRest;
		};
		A1B2C3E62F70000100A1B2C3 /* PBXContainerItemProxy */ = {
			isa = PBXContainerItemProxy;
			containerPortal = 64211DB62F61338500A95CBF /* Project object */;
			proxyType = 1;
			remoteGlobalIDString = 64211DBD2F61338500A95CBF;
			remoteInfo = ViRest;
		};
/* End PBXContainerItemProxy section */

/* Begin PBXCopyFilesBuildPhase section */
		90A1B2C72F70000100A1B2C3 /* Embed App Extensions */ = {
			isa = PBXCopyFilesBuildPhase;
			buildActionMask = 2147483647;
			dstPath = "";
			dstSubfolderSpec = 13;
			files = (
				90A1B2C32F70000100A1B2C3 /* ViRestWidget.appex in Embed App Extensions */,
			);
			name = "Embed App Extensions";
			runOnlyForDeploymentPostprocessing = 0;
		};
/* End PBXCopyFilesBuildPhase section */

/* Begin PBXFileReference section */
		64211DBE2F61338500A95CBF /* ViRest.app */ = {isa = PBXFileReference; explicitFileType = wrapper.application; includeInIndex = 0; path = ViRest.app; sourceTree = BUILT_PRODUCTS_DIR; };
		90A1B2C42F70000100A1B2C3 /* ViRestWidget.appex */ = {isa = PBXFileReference; explicitFileType = "wrapper.app-extension"; includeInIndex = 0; path = ViRestWidget.appex; sourceTree = BUILT_PRODUCTS_DIR; };
		A1B2C3D42F70000100A1B2C3 /* ViRestTests.xctest */ = {isa = PBXFileReference; explicitFileType = wrapper.cfbundle; includeInIndex = 0; path = ViRestTests.xctest; sourceTree = BUILT_PRODUCTS_DIR; };
		A1B2C3D52F70000100A1B2C3 /* ViRestUITests.xctest */ = {isa = PBXFileReference; explicitFileType = wrapper.cfbundle; includeInIndex = 0; path = ViRestUITests.xctest; sourceTree = BUILT_PRODUCTS_DIR; };
/* End PBXFileReference section */

/* Begin PBXFileSystemSynchronizedBuildFileExceptionSet section */
		4234CDA02F6267DD004553F3 /* Exceptions for "ViRest" folder in "ViRest" target */ = {
			isa = PBXFileSystemSynchronizedBuildFileExceptionSet;
			membershipExceptions = (
				Info.plist,
			);
			target = 64211DBD2F61338500A95CBF /* ViRest */;
		};
		90A1B2C52F70000100A1B2C3 /* Exceptions for "ViRestWidget" folder in "ViRestWidget" target */ = {
			isa = PBXFileSystemSynchronizedBuildFileExceptionSet;
			membershipExceptions = (
				Info.plist,
			);
			target = 90A1B2C92F70000100A1B2C3 /* ViRestWidget */;
		};
/* End PBXFileSystemSynchronizedBuildFileExceptionSet section */

/* Begin PBXFileSystemSynchronizedRootGroup section */
		64211DC02F61338500A95CBF /* ViRest */ = {
			isa = PBXFileSystemSynchronizedRootGroup;
			exceptions = (
				4234CDA02F6267DD004553F3 /* Exceptions for "ViRest" folder in "ViRest" target */,
			);
			path = ViRest;
			sourceTree = "<group>";
		};
		90A1B2C62F70000100A1B2C3 /* ViRestWidget */ = {
			isa = PBXFileSystemSynchronizedRootGroup;
			exceptions = (
				90A1B2C52F70000100A1B2C3 /* Exceptions for "ViRestWidget" folder in "ViRestWidget" target */,
			);
			path = ViRestWidget;
			sourceTree = "<group>";
		};
		A1B2C3D62F70000100A1B2C3 /* ViRestTests */ = {
			isa = PBXFileSystemSynchronizedRootGroup;
			path = ViRestTests;
			sourceTree = "<group>";
		};
		A1B2C3D72F70000100A1B2C3 /* ViRestUITests */ = {
			isa = PBXFileSystemSynchronizedRootGroup;
			path = ViRestUITests;
			sourceTree = "<group>";
		};
/* End PBXFileSystemSynchronizedRootGroup section */

/* Begin PBXFrameworksBuildPhase section */
		64211DBB2F61338500A95CBF /* Frameworks */ = {
			isa = PBXFrameworksBuildPhase;
			buildActionMask = 2147483647;
			files = (
				4234CD972F62616F004553F3 /* FirebaseCore in Frameworks */,
				4234CD952F62616F004553F3 /* FirebaseAuth in Frameworks */,
				4234CD9A2F6261A7004553F3 /* GoogleSignIn in Frameworks */,
				4234CDA52F641CAF004553F3 /* FirebaseFirestore in Frameworks */,
				4234CD9C2F6261A7004553F3 /* GoogleSignInSwift in Frameworks */,
			);
			runOnlyForDeploymentPostprocessing = 0;
		};
		90A1B2C82F70000100A1B2C3 /* Frameworks */ = {
			isa = PBXFrameworksBuildPhase;
			buildActionMask = 2147483647;
			files = (
			);
			runOnlyForDeploymentPostprocessing = 0;
		};
		A1B2C3DC2F70000100A1B2C3 /* Frameworks */ = {
			isa = PBXFrameworksBuildPhase;
			buildActionMask = 2147483647;
			files = (
			);
			runOnlyForDeploymentPostprocessing = 0;
		};
		A1B2C3DF2F70000100A1B2C3 /* Frameworks */ = {
			isa = PBXFrameworksBuildPhase;
			buildActionMask = 2147483647;
			files = (
			);
			runOnlyForDeploymentPostprocessing = 0;
		};
/* End PBXFrameworksBuildPhase section */

/* Begin PBXGroup section */
		4234CDA32F641CAF004553F3 /* Frameworks */ = {
			isa = PBXGroup;
			children = (
			);
			name = Frameworks;
			sourceTree = "<group>";
		};
		64211DB52F61338500A95CBF = {
			isa = PBXGroup;
			children = (
				64211DC02F61338500A95CBF /* ViRest */,
				90A1B2C62F70000100A1B2C3 /* ViRestWidget */,
				A1B2C3D62F70000100A1B2C3 /* ViRestTests */,
				A1B2C3D72F70000100A1B2C3 /* ViRestUITests */,
				4234CDA32F641CAF004553F3 /* Frameworks */,
				64211DBF2F61338500A95CBF /* Products */,
			);
			sourceTree = "<group>";
		};
		64211DBF2F61338500A95CBF /* Products */ = {
			isa = PBXGroup;
			children = (
				64211DBE2F61338500A95CBF /* ViRest.app */,
				90A1B2C42F70000100A1B2C3 /* ViRestWidget.appex */,
				A1B2C3D42F70000100A1B2C3 /* ViRestTests.xctest */,
				A1B2C3D52F70000100A1B2C3 /* ViRestUITests.xctest */,
			);
			name = Products;
			sourceTree = "<group>";
		};
/* End PBXGroup section */

/* Begin PBXNativeTarget section */
		64211DBD2F61338500A95CBF /* ViRest */ = {
			isa = PBXNativeTarget;
			buildConfigurationList = 64211DCB2F61338600A95CBF /* Build configuration list for PBXNativeTarget "ViRest" */;
			buildPhases = (
				64211DBA2F61338500A95CBF /* Sources */,
				64211DBB2F61338500A95CBF /* Frameworks */,
				64211DBC2F61338500A95CBF /* Resources */,
				90A1B2C72F70000100A1B2C3 /* Embed App Extensions */,
			);
			buildRules = (
			);
			dependencies = (
				90A1B2CB2F70000100A1B2C3 /* PBXTargetDependency */,
			);
			fileSystemSynchronizedGroups = (
				64211DC02F61338500A95CBF /* ViRest */,
			);
			name = ViRest;
			packageProductDependencies = (
				4234CD942F62616F004553F3 /* FirebaseAuth */,
				4234CD962F62616F004553F3 /* FirebaseCore */,
				4234CD992F6261A7004553F3 /* GoogleSignIn */,
				4234CD9B2F6261A7004553F3 /* GoogleSignInSwift */,
				4234CDA42F641CAF004553F3 /* FirebaseFirestore */,
			);
			productName = ViRest;
			productReference = 64211DBE2F61338500A95CBF /* ViRest.app */;
			productType = "com.apple.product-type.application";
		};
		90A1B2C92F70000100A1B2C3 /* ViRestWidget */ = {
			isa = PBXNativeTarget;
			buildConfigurationList = 90A1B2D02F70000100A1B2C3 /* Build configuration list for PBXNativeTarget "ViRestWidget" */;
			buildPhases = (
				90A1B2CD2F70000100A1B2C3 /* Sources */,
				90A1B2C82F70000100A1B2C3 /* Frameworks */,
				90A1B2CC2F70000100A1B2C3 /* Resources */,
			);
			buildRules = (
			);
			dependencies = (
			);
			fileSystemSynchronizedGroups = (
				90A1B2C62F70000100A1B2C3 /* ViRestWidget */,
			);
			name = ViRestWidget;
			packageProductDependencies = (
			);
			productName = ViRestWidget;
			productReference = 90A1B2C42F70000100A1B2C3 /* ViRestWidget.appex */;
			productType = "com.apple.product-type.app-extension";
		};
		A1B2C3D82F70000100A1B2C3 /* ViRestTests */ = {
			isa = PBXNativeTarget;
			buildConfigurationList = A1B2C3E02F70000100A1B2C3 /* Build configuration list for PBXNativeTarget "ViRestTests" */;
			buildPhases = (
				A1B2C3DB2F70000100A1B2C3 /* Sources */,
				A1B2C3DC2F70000100A1B2C3 /* Frameworks */,
				A1B2C3DD2F70000100A1B2C3 /* Resources */,
			);
			buildRules = (
			);
			dependencies = (
				A1B2C3E22F70000100A1B2C3 /* PBXTargetDependency */,
			);
			fileSystemSynchronizedGroups = (
				A1B2C3D62F70000100A1B2C3 /* ViRestTests */,
			);
			name = ViRestTests;
			productName = ViRestTests;
			productReference = A1B2C3D42F70000100A1B2C3 /* ViRestTests.xctest */;
			productType = "com.apple.product-type.bundle.unit-test";
		};
		A1B2C3D92F70000100A1B2C3 /* ViRestUITests */ = {
			isa = PBXNativeTarget;
			buildConfigurationList = A1B2C3E32F70000100A1B2C3 /* Build configuration list for PBXNativeTarget "ViRestUITests" */;
			buildPhases = (
				A1B2C3DE2F70000100A1B2C3 /* Sources */,
				A1B2C3DF2F70000100A1B2C3 /* Frameworks */,
				A1B2C3E12F70000100A1B2C3 /* Resources */,
			);
			buildRules = (
			);
			dependencies = (
				A1B2C3E42F70000100A1B2C3 /* PBXTargetDependency */,
			);
			fileSystemSynchronizedGroups = (
				A1B2C3D72F70000100A1B2C3 /* ViRestUITests */,
			);
			name = ViRestUITests;
			productName = ViRestUITests;
			productReference = A1B2C3D52F70000100A1B2C3 /* ViRestUITests.xctest */;
			productType = "com.apple.product-type.bundle.ui-testing";
		};
/* End PBXNativeTarget section */

/* Begin PBXProject section */
		64211DB62F61338500A95CBF /* Project object */ = {
			isa = PBXProject;
			attributes = {
				BuildIndependentTargetsInParallel = 1;
				LastSwiftUpdateCheck = 2630;
				LastUpgradeCheck = 2630;
				TargetAttributes = {
					64211DBD2F61338500A95CBF = {
						CreatedOnToolsVersion = 26.3;
					};
					90A1B2C92F70000100A1B2C3 = {
						CreatedOnToolsVersion = 26.3;
					};
				};
			};
			buildConfigurationList = 64211DB92F61338500A95CBF /* Build configuration list for PBXProject "ViRest" */;
			developmentRegion = en;
			hasScannedForEncodings = 0;
			knownRegions = (
				en,
				Base,
			);
			mainGroup = 64211DB52F61338500A95CBF;
			minimizedProjectReferenceProxies = 1;
			packageReferences = (
				4234CD932F62616F004553F3 /* XCRemoteSwiftPackageReference "firebase-ios-sdk" */,
				4234CD982F6261A7004553F3 /* XCRemoteSwiftPackageReference "GoogleSignIn-iOS" */,
			);
			preferredProjectObjectVersion = 77;
			productRefGroup = 64211DBF2F61338500A95CBF /* Products */;
			projectDirPath = "";
			projectRoot = "";
			targets = (
				64211DBD2F61338500A95CBF /* ViRest */,
				90A1B2C92F70000100A1B2C3 /* ViRestWidget */,
				A1B2C3D82F70000100A1B2C3 /* ViRestTests */,
				A1B2C3D92F70000100A1B2C3 /* ViRestUITests */,
			);
		};
/* End PBXProject section */

/* Begin PBXResourcesBuildPhase section */
		64211DBC2F61338500A95CBF /* Resources */ = {
			isa = PBXResourcesBuildPhase;
			buildActionMask = 2147483647;
			files = (
			);
			runOnlyForDeploymentPostprocessing = 0;
		};
		90A1B2CC2F70000100A1B2C3 /* Resources */ = {
			isa = PBXResourcesBuildPhase;
			buildActionMask = 2147483647;
			files = (
			);
			runOnlyForDeploymentPostprocessing = 0;
		};
		A1B2C3DD2F70000100A1B2C3 /* Resources */ = {
			isa = PBXResourcesBuildPhase;
			buildActionMask = 2147483647;
			files = (
			);
			runOnlyForDeploymentPostprocessing = 0;
		};
		A1B2C3E12F70000100A1B2C3 /* Resources */ = {
			isa = PBXResourcesBuildPhase;
			buildActionMask = 2147483647;
			files = (
			);
			runOnlyForDeploymentPostprocessing = 0;
		};
/* End PBXResourcesBuildPhase section */

/* Begin PBXSourcesBuildPhase section */
		64211DBA2F61338500A95CBF /* Sources */ = {
			isa = PBXSourcesBuildPhase;
			buildActionMask = 2147483647;
			files = (
			);
			runOnlyForDeploymentPostprocessing = 0;
		};
		90A1B2CD2F70000100A1B2C3 /* Sources */ = {
			isa = PBXSourcesBuildPhase;
			buildActionMask = 2147483647;
			files = (
			);
			runOnlyForDeploymentPostprocessing = 0;
		};
		A1B2C3DB2F70000100A1B2C3 /* Sources */ = {
			isa = PBXSourcesBuildPhase;
			buildActionMask = 2147483647;
			files = (
			);
			runOnlyForDeploymentPostprocessing = 0;
		};
		A1B2C3DE2F70000100A1B2C3 /* Sources */ = {
			isa = PBXSourcesBuildPhase;
			buildActionMask = 2147483647;
			files = (
			);
			runOnlyForDeploymentPostprocessing = 0;
		};
/* End PBXSourcesBuildPhase section */

/* Begin PBXTargetDependency section */
		90A1B2CB2F70000100A1B2C3 /* PBXTargetDependency */ = {
			isa = PBXTargetDependency;
			target = 90A1B2C92F70000100A1B2C3 /* ViRestWidget */;
			targetProxy = 90A1B2CA2F70000100A1B2C3 /* PBXContainerItemProxy */;
		};
		A1B2C3E22F70000100A1B2C3 /* PBXTargetDependency */ = {
			isa = PBXTargetDependency;
			target = 64211DBD2F61338500A95CBF /* ViRest */;
			targetProxy = A1B2C3E52F70000100A1B2C3 /* PBXContainerItemProxy */;
		};
		A1B2C3E42F70000100A1B2C3 /* PBXTargetDependency */ = {
			isa = PBXTargetDependency;
			target = 64211DBD2F61338500A95CBF /* ViRest */;
			targetProxy = A1B2C3E62F70000100A1B2C3 /* PBXContainerItemProxy */;
		};
/* End PBXTargetDependency section */

/* Begin XCBuildConfiguration section */
		64211DC92F61338600A95CBF /* Debug */ = {
			isa = XCBuildConfiguration;
			buildSettings = {
				ALWAYS_SEARCH_USER_PATHS = NO;
				ASSETCATALOG_COMPILER_GENERATE_SWIFT_ASSET_SYMBOL_EXTENSIONS = YES;
				CLANG_ANALYZER_NONNULL = YES;
				CLANG_ANALYZER_NUMBER_OBJECT_CONVERSION = YES_AGGRESSIVE;
				CLANG_CXX_LANGUAGE_STANDARD = "gnu++20";
				CLANG_ENABLE_MODULES = YES;
				CLANG_ENABLE_OBJC_ARC = YES;
				CLANG_ENABLE_OBJC_WEAK = YES;
				CLANG_WARN_BLOCK_CAPTURE_AUTORELEASING = YES;
				CLANG_WARN_BOOL_CONVERSION = YES;
				CLANG_WARN_COMMA = YES;
				CLANG_WARN_CONSTANT_CONVERSION = YES;
				CLANG_WARN_DEPRECATED_OBJC_IMPLEMENTATIONS = YES;
				CLANG_WARN_DIRECT_OBJC_ISA_USAGE = YES_ERROR;
				CLANG_WARN_DOCUMENTATION_COMMENTS = YES;
				CLANG_WARN_EMPTY_BODY = YES;
				CLANG_WARN_ENUM_CONVERSION = YES;
				CLANG_WARN_INFINITE_RECURSION = YES;
				CLANG_WARN_INT_CONVERSION = YES;
				CLANG_WARN_NON_LITERAL_NULL_CONVERSION = YES;
				CLANG_WARN_OBJC_IMPLICIT_RETAIN_SELF = YES;
				CLANG_WARN_OBJC_LITERAL_CONVERSION = YES;
				CLANG_WARN_OBJC_ROOT_CLASS = YES_ERROR;
				CLANG_WARN_QUOTED_INCLUDE_IN_FRAMEWORK_HEADER = YES;
				CLANG_WARN_RANGE_LOOP_ANALYSIS = YES;
				CLANG_WARN_STRICT_PROTOTYPES = YES;
				CLANG_WARN_SUSPICIOUS_MOVE = YES;
				CLANG_WARN_UNGUARDED_AVAILABILITY = YES_AGGRESSIVE;
				CLANG_WARN_UNREACHABLE_CODE = YES;
				CLANG_WARN__DUPLICATE_METHOD_MATCH = YES;
				COPY_PHASE_STRIP = NO;
				DEBUG_INFORMATION_FORMAT = dwarf;
				DEVELOPMENT_TEAM = U8V6C9PU58;
				ENABLE_STRICT_OBJC_MSGSEND = YES;
				ENABLE_TESTABILITY = YES;
				ENABLE_USER_SCRIPT_SANDBOXING = YES;
				GCC_C_LANGUAGE_STANDARD = gnu17;
				GCC_DYNAMIC_NO_PIC = NO;
				GCC_NO_COMMON_BLOCKS = YES;
				GCC_OPTIMIZATION_LEVEL = 0;
				GCC_PREPROCESSOR_DEFINITIONS = (
					"DEBUG=1",
					"$(inherited)",
				);
				GCC_WARN_64_TO_32_BIT_CONVERSION = YES;
				GCC_WARN_ABOUT_RETURN_TYPE = YES_ERROR;
				GCC_WARN_UNDECLARED_SELECTOR = YES;
				GCC_WARN_UNINITIALIZED_AUTOS = YES_AGGRESSIVE;
				GCC_WARN_UNUSED_FUNCTION = YES;
				GCC_WARN_UNUSED_VARIABLE = YES;
				LOCALIZATION_PREFERS_STRING_CATALOGS = YES;
				MTL_ENABLE_DEBUG_INFO = INCLUDE_SOURCE;
				MTL_FAST_MATH = YES;
				ONLY_ACTIVE_ARCH = YES;
				SWIFT_ACTIVE_COMPILATION_CONDITIONS = "DEBUG $(inherited)";
				SWIFT_OPTIMIZATION_LEVEL = "-Onone";
			};
			name = Debug;
		};
		64211DCA2F61338600A95CBF /* Release */ = {
			isa = XCBuildConfiguration;
			buildSettings = {
				ALWAYS_SEARCH_USER_PATHS = NO;
				ASSETCATALOG_COMPILER_GENERATE_SWIFT_ASSET_SYMBOL_EXTENSIONS = YES;
				CLANG_ANALYZER_NONNULL = YES;
				CLANG_ANALYZER_NUMBER_OBJECT_CONVERSION = YES_AGGRESSIVE;
				CLANG_CXX_LANGUAGE_STANDARD = "gnu++20";
				CLANG_ENABLE_MODULES = YES;
				CLANG_ENABLE_OBJC_ARC = YES;
				CLANG_ENABLE_OBJC_WEAK = YES;
				CLANG_WARN_BLOCK_CAPTURE_AUTORELEASING = YES;
				CLANG_WARN_BOOL_CONVERSION = YES;
				CLANG_WARN_COMMA = YES;
				CLANG_WARN_CONSTANT_CONVERSION = YES;
				CLANG_WARN_DEPRECATED_OBJC_IMPLEMENTATIONS = YES;
				CLANG_WARN_DIRECT_OBJC_ISA_USAGE = YES_ERROR;
				CLANG_WARN_DOCUMENTATION_COMMENTS = YES;
				CLANG_WARN_EMPTY_BODY = YES;
				CLANG_WARN_ENUM_CONVERSION = YES;
				CLANG_WARN_INFINITE_RECURSION = YES;
				CLANG_WARN_INT_CONVERSION = YES;
				CLANG_WARN_NON_LITERAL_NULL_CONVERSION = YES;
				CLANG_WARN_OBJC_IMPLICIT_RETAIN_SELF = YES;
				CLANG_WARN_OBJC_LITERAL_CONVERSION = YES;
				CLANG_WARN_OBJC_ROOT_CLASS = YES_ERROR;
				CLANG_WARN_QUOTED_INCLUDE_IN_FRAMEWORK_HEADER = YES;
				CLANG_WARN_RANGE_LOOP_ANALYSIS = YES;
				CLANG_WARN_STRICT_PROTOTYPES = YES;
				CLANG_WARN_SUSPICIOUS_MOVE = YES;
				CLANG_WARN_UNGUARDED_AVAILABILITY = YES_AGGRESSIVE;
				CLANG_WARN_UNREACHABLE_CODE = YES;
				CLANG_WARN__DUPLICATE_METHOD_MATCH = YES;
				COPY_PHASE_STRIP = NO;
				DEBUG_INFORMATION_FORMAT = "dwarf-with-dsym";
				DEVELOPMENT_TEAM = U8V6C9PU58;
				ENABLE_NS_ASSERTIONS = NO;
				ENABLE_STRICT_OBJC_MSGSEND = YES;
				ENABLE_USER_SCRIPT_SANDBOXING = YES;
				GCC_C_LANGUAGE_STANDARD = gnu17;
				GCC_NO_COMMON_BLOCKS = YES;
				GCC_WARN_64_TO_32_BIT_CONVERSION = YES;
				GCC_WARN_ABOUT_RETURN_TYPE = YES_ERROR;
				GCC_WARN_UNDECLARED_SELECTOR = YES;
				GCC_WARN_UNINITIALIZED_AUTOS = YES_AGGRESSIVE;
				GCC_WARN_UNUSED_FUNCTION = YES;
				GCC_WARN_UNUSED_VARIABLE = YES;
				LOCALIZATION_PREFERS_STRING_CATALOGS = YES;
				MTL_ENABLE_DEBUG_INFO = NO;
				MTL_FAST_MATH = YES;
				SWIFT_COMPILATION_MODE = wholemodule;
			};
			name = Release;
		};
		64211DCC2F61338600A95CBF /* Debug */ = {
			isa = XCBuildConfiguration;
			buildSettings = {
				ASSETCATALOG_COMPILER_APPICON_NAME = AppIcon;
				ASSETCATALOG_COMPILER_GLOBAL_ACCENT_COLOR_NAME = AccentColor;
				CODE_SIGN_ENTITLEMENTS = ViRest/ViRest.entitlements;
				CODE_SIGN_STYLE = Automatic;
				CURRENT_PROJECT_VERSION = 1;
				DEVELOPMENT_TEAM = U8V6C9PU58;
				ENABLE_HARDENED_RUNTIME = YES;
				ENABLE_PREVIEWS = YES;
				ENABLE_USER_SELECTED_FILES = readonly;
				GENERATE_INFOPLIST_FILE = YES;
				INFOPLIST_FILE = ViRest/Info.plist;
				INFOPLIST_KEY_NSHealthShareUsageDescription = "ViRest reads Apple Health data to personalize sport recommendations and monitor resting heart rate trends.";
				INFOPLIST_KEY_NSHealthUpdateUsageDescription = "ViRest may write completed workout summaries to support your sport plan history.";
				"INFOPLIST_KEY_UIApplicationSceneManifest_Generation[sdk=iphoneos*]" = YES;
				"INFOPLIST_KEY_UIApplicationSceneManifest_Generation[sdk=iphonesimulator*]" = YES;
				"INFOPLIST_KEY_UIApplicationSupportsIndirectInputEvents[sdk=iphoneos*]" = YES;
				"INFOPLIST_KEY_UIApplicationSupportsIndirectInputEvents[sdk=iphonesimulator*]" = YES;
				"INFOPLIST_KEY_UILaunchScreen_Generation[sdk=iphoneos*]" = YES;
				"INFOPLIST_KEY_UILaunchScreen_Generation[sdk=iphonesimulator*]" = YES;
				"INFOPLIST_KEY_UIStatusBarStyle[sdk=iphoneos*]" = UIStatusBarStyleDefault;
				"INFOPLIST_KEY_UIStatusBarStyle[sdk=iphonesimulator*]" = UIStatusBarStyleDefault;
				INFOPLIST_KEY_UISupportedInterfaceOrientations_iPad = "UIInterfaceOrientationPortrait UIInterfaceOrientationPortraitUpsideDown UIInterfaceOrientationLandscapeLeft UIInterfaceOrientationLandscapeRight";
				INFOPLIST_KEY_UISupportedInterfaceOrientations_iPhone = "UIInterfaceOrientationPortrait UIInterfaceOrientationLandscapeLeft UIInterfaceOrientationLandscapeRight";
				IPHONEOS_DEPLOYMENT_TARGET = 26.0;
				LD_RUNPATH_SEARCH_PATHS = "@executable_path/Frameworks";
				MARKETING_VERSION = 1.0;
				PRODUCT_BUNDLE_IDENTIFIER = "halo-dek.virest";
				PRODUCT_NAME = "$(TARGET_NAME)";
				REGISTER_APP_GROUPS = YES;
				SDKROOT = auto;
				STRING_CATALOG_GENERATE_SYMBOLS = YES;
				SUPPORTED_PLATFORMS = "iphoneos iphonesimulator";
				SWIFT_APPROACHABLE_CONCURRENCY = YES;
				SWIFT_DEFAULT_ACTOR_ISOLATION = MainActor;
				SWIFT_EMIT_LOC_STRINGS = YES;
				SWIFT_UPCOMING_FEATURE_MEMBER_IMPORT_VISIBILITY = YES;
				SWIFT_VERSION = 5.0;
				TARGETED_DEVICE_FAMILY = 1;
			};
			name = Debug;
		};
		64211DCD2F61338600A95CBF /* Release */ = {
			isa = XCBuildConfiguration;
			buildSettings = {
				ASSETCATALOG_COMPILER_APPICON_NAME = AppIcon;
				ASSETCATALOG_COMPILER_GLOBAL_ACCENT_COLOR_NAME = AccentColor;
				CODE_SIGN_ENTITLEMENTS = ViRest/ViRest.entitlements;
				CODE_SIGN_STYLE = Automatic;
				CURRENT_PROJECT_VERSION = 1;
				DEVELOPMENT_TEAM = U8V6C9PU58;
				ENABLE_HARDENED_RUNTIME = YES;
				ENABLE_PREVIEWS = YES;
				ENABLE_USER_SELECTED_FILES = readonly;
				GENERATE_INFOPLIST_FILE = YES;
				INFOPLIST_FILE = ViRest/Info.plist;
				INFOPLIST_KEY_NSHealthShareUsageDescription = "ViRest reads Apple Health data to personalize sport recommendations and monitor resting heart rate trends.";
				INFOPLIST_KEY_NSHealthUpdateUsageDescription = "ViRest may write completed workout summaries to support your sport plan history.";
				"INFOPLIST_KEY_UIApplicationSceneManifest_Generation[sdk=iphoneos*]" = YES;
				"INFOPLIST_KEY_UIApplicationSceneManifest_Generation[sdk=iphonesimulator*]" = YES;
				"INFOPLIST_KEY_UIApplicationSupportsIndirectInputEvents[sdk=iphoneos*]" = YES;
				"INFOPLIST_KEY_UIApplicationSupportsIndirectInputEvents[sdk=iphonesimulator*]" = YES;
				"INFOPLIST_KEY_UILaunchScreen_Generation[sdk=iphoneos*]" = YES;
				"INFOPLIST_KEY_UILaunchScreen_Generation[sdk=iphonesimulator*]" = YES;
				"INFOPLIST_KEY_UIStatusBarStyle[sdk=iphoneos*]" = UIStatusBarStyleDefault;
				"INFOPLIST_KEY_UIStatusBarStyle[sdk=iphonesimulator*]" = UIStatusBarStyleDefault;
				INFOPLIST_KEY_UISupportedInterfaceOrientations_iPad = "UIInterfaceOrientationPortrait UIInterfaceOrientationPortraitUpsideDown UIInterfaceOrientationLandscapeLeft UIInterfaceOrientationLandscapeRight";
				INFOPLIST_KEY_UISupportedInterfaceOrientations_iPhone = "UIInterfaceOrientationPortrait UIInterfaceOrientationLandscapeLeft UIInterfaceOrientationLandscapeRight";
				IPHONEOS_DEPLOYMENT_TARGET = 26.0;
				LD_RUNPATH_SEARCH_PATHS = "@executable_path/Frameworks";
				MARKETING_VERSION = 1.0;
				PRODUCT_BUNDLE_IDENTIFIER = "halo-dek.virest";
				PRODUCT_NAME = "$(TARGET_NAME)";
				REGISTER_APP_GROUPS = YES;
				SDKROOT = auto;
				STRING_CATALOG_GENERATE_SYMBOLS = YES;
				SUPPORTED_PLATFORMS = "iphoneos iphonesimulator";
				SWIFT_APPROACHABLE_CONCURRENCY = YES;
				SWIFT_DEFAULT_ACTOR_ISOLATION = MainActor;
				SWIFT_EMIT_LOC_STRINGS = YES;
				SWIFT_UPCOMING_FEATURE_MEMBER_IMPORT_VISIBILITY = YES;
				SWIFT_VERSION = 5.0;
				TARGETED_DEVICE_FAMILY = 1;
			};
			name = Release;
		};
		90A1B2CE2F70000100A1B2C3 /* Debug */ = {
			isa = XCBuildConfiguration;
			buildSettings = {
				APPLICATION_EXTENSION_API_ONLY = YES;
				CODE_SIGN_ENTITLEMENTS = ViRestWidget/ViRestWidget.entitlements;
				CODE_SIGN_STYLE = Automatic;
				CURRENT_PROJECT_VERSION = 1;
				DEVELOPMENT_TEAM = U8V6C9PU58;
				GENERATE_INFOPLIST_FILE = NO;
				INFOPLIST_FILE = ViRestWidget/Info.plist;
				IPHONEOS_DEPLOYMENT_TARGET = 26.0;
				LD_RUNPATH_SEARCH_PATHS = (
					"$(inherited)",
					"@executable_path/Frameworks",
					"@executable_path/../../Frameworks",
				);
				MARKETING_VERSION = 1.0;
				PRODUCT_BUNDLE_IDENTIFIER = "halo-dek.virest.widget";
				PRODUCT_NAME = "$(TARGET_NAME)";
				SDKROOT = auto;
				SKIP_INSTALL = YES;
				SUPPORTED_PLATFORMS = "iphoneos iphonesimulator";
				SWIFT_EMIT_LOC_STRINGS = YES;
				SWIFT_VERSION = 5.0;
				TARGETED_DEVICE_FAMILY = "1,2";
			};
			name = Debug;
		};
		90A1B2CF2F70000100A1B2C3 /* Release */ = {
			isa = XCBuildConfiguration;
			buildSettings = {
				APPLICATION_EXTENSION_API_ONLY = YES;
				CODE_SIGN_ENTITLEMENTS = ViRestWidget/ViRestWidget.entitlements;
				CODE_SIGN_STYLE = Automatic;
				CURRENT_PROJECT_VERSION = 1;
				DEVELOPMENT_TEAM = U8V6C9PU58;
				GENERATE_INFOPLIST_FILE = NO;
				INFOPLIST_FILE = ViRestWidget/Info.plist;
				IPHONEOS_DEPLOYMENT_TARGET = 26.0;
				LD_RUNPATH_SEARCH_PATHS = (
					"$(inherited)",
					"@executable_path/Frameworks",
					"@executable_path/../../Frameworks",
				);
				MARKETING_VERSION = 1.0;
				PRODUCT_BUNDLE_IDENTIFIER = "halo-dek.virest.widget";
				PRODUCT_NAME = "$(TARGET_NAME)";
				SDKROOT = auto;
				SKIP_INSTALL = YES;
				SUPPORTED_PLATFORMS = "iphoneos iphonesimulator";
				SWIFT_EMIT_LOC_STRINGS = YES;
				SWIFT_VERSION = 5.0;
				TARGETED_DEVICE_FAMILY = "1,2";
			};
			name = Release;
		};
		A1B2C3E72F70000100A1B2C3 /* Debug */ = {
			isa = XCBuildConfiguration;
			buildSettings = {
				BUNDLE_LOADER = "$(TEST_HOST)";
				CODE_SIGN_STYLE = Automatic;
				CURRENT_PROJECT_VERSION = 1;
				GENERATE_INFOPLIST_FILE = YES;
				IPHONEOS_DEPLOYMENT_TARGET = 26.0;
				LD_RUNPATH_SEARCH_PATHS = (
					"$(inherited)",
					"@executable_path/Frameworks",
					"@loader_path/Frameworks",
				);
				PRODUCT_BUNDLE_IDENTIFIER = "halo-dek.virest.tests";
				PRODUCT_NAME = "$(TARGET_NAME)";
				SDKROOT = iphoneos;
				SWIFT_VERSION = 5.0;
				TARGETED_DEVICE_FAMILY = 1;
				TEST_HOST = "$(BUILT_PRODUCTS_DIR)/ViRest.app/ViRest";
			};
			name = Debug;
		};
		A1B2C3E82F70000100A1B2C3 /* Release */ = {
			isa = XCBuildConfiguration;
			buildSettings = {
				BUNDLE_LOADER = "$(TEST_HOST)";
				CODE_SIGN_STYLE = Automatic;
				CURRENT_PROJECT_VERSION = 1;
				GENERATE_INFOPLIST_FILE = YES;
				IPHONEOS_DEPLOYMENT_TARGET = 26.0;
				LD_RUNPATH_SEARCH_PATHS = (
					"$(inherited)",
					"@executable_path/Frameworks",
					"@loader_path/Frameworks",
				);
				PRODUCT_BUNDLE_IDENTIFIER = "halo-dek.virest.tests";
				PRODUCT_NAME = "$(TARGET_NAME)";
				SDKROOT = iphoneos;
				SWIFT_VERSION = 5.0;
				TARGETED_DEVICE_FAMILY = 1;
				TEST_HOST = "$(BUILT_PRODUCTS_DIR)/ViRest.app/ViRest";
			};
			name = Release;
		};
		A1B2C3E92F70000100A1B2C3 /* Debug */ = {
			isa = XCBuildConfiguration;
			buildSettings = {
				CODE_SIGN_STYLE = Automatic;
				CURRENT_PROJECT_VERSION = 1;
				GENERATE_INFOPLIST_FILE = YES;
				IPHONEOS_DEPLOYMENT_TARGET = 26.0;
				PRODUCT_BUNDLE_IDENTIFIER = "halo-dek.virest.uitests";
				PRODUCT_NAME = "$(TARGET_NAME)";
				SDKROOT = iphoneos;
				SWIFT_VERSION = 5.0;
				TARGETED_DEVICE_FAMILY = 1;
				TEST_TARGET_NAME = ViRest;
			};
			name = Debug;
		};
		A1B2C3EA2F70000100A1B2C3 /* Release */ = {
			isa = XCBuildConfiguration;
			buildSettings = {
				CODE_SIGN_STYLE = Automatic;
				CURRENT_PROJECT_VERSION = 1;
				GENERATE_INFOPLIST_FILE = YES;
				IPHONEOS_DEPLOYMENT_TARGET = 26.0;
				PRODUCT_BUNDLE_IDENTIFIER = "halo-dek.virest.uitests";
				PRODUCT_NAME = "$(TARGET_NAME)";
				SDKROOT = iphoneos;
				SWIFT_VERSION = 5.0;
				TARGETED_DEVICE_FAMILY = 1;
				TEST_TARGET_NAME = ViRest;
			};
			name = Release;
		};
/* End XCBuildConfiguration section */

/* Begin XCConfigurationList section */
		64211DB92F61338500A95CBF /* Build configuration list for PBXProject "ViRest" */ = {
			isa = XCConfigurationList;
			buildConfigurations = (
				64211DC92F61338600A95CBF /* Debug */,
				64211DCA2F61338600A95CBF /* Release */,
			);
			defaultConfigurationIsVisible = 0;
			defaultConfigurationName = Release;
		};
		64211DCB2F61338600A95CBF /* Build configuration list for PBXNativeTarget "ViRest" */ = {
			isa = XCConfigurationList;
			buildConfigurations = (
				64211DCC2F61338600A95CBF /* Debug */,
				64211DCD2F61338600A95CBF /* Release */,
			);
			defaultConfigurationIsVisible = 0;
			defaultConfigurationName = Release;
		};
		90A1B2D02F70000100A1B2C3 /* Build configuration list for PBXNativeTarget "ViRestWidget" */ = {
			isa = XCConfigurationList;
			buildConfigurations = (
				90A1B2CE2F70000100A1B2C3 /* Debug */,
				90A1B2CF2F70000100A1B2C3 /* Release */,
			);
			defaultConfigurationIsVisible = 0;
			defaultConfigurationName = Release;
		};
		A1B2C3E02F70000100A1B2C3 /* Build configuration list for PBXNativeTarget "ViRestTests" */ = {
			isa = XCConfigurationList;
			buildConfigurations = (
				A1B2C3E72F70000100A1B2C3 /* Debug */,
				A1B2C3E82F70000100A1B2C3 /* Release */,
			);
			defaultConfigurationIsVisible = 0;
			defaultConfigurationName = Release;
		};
		A1B2C3E32F70000100A1B2C3 /* Build configuration list for PBXNativeTarget "ViRestUITests" */ = {
			isa = XCConfigurationList;
			buildConfigurations = (
				A1B2C3E92F70000100A1B2C3 /* Debug */,
				A1B2C3EA2F70000100A1B2C3 /* Release */,
			);
			defaultConfigurationIsVisible = 0;
			defaultConfigurationName = Release;
		};
/* End XCConfigurationList section */

/* Begin XCRemoteSwiftPackageReference section */
		4234CD932F62616F004553F3 /* XCRemoteSwiftPackageReference "firebase-ios-sdk" */ = {
			isa = XCRemoteSwiftPackageReference;
			repositoryURL = "https://github.com/firebase/firebase-ios-sdk";
			requirement = {
				kind = upToNextMajorVersion;
				minimumVersion = 12.10.0;
			};
		};
		4234CD982F6261A7004553F3 /* XCRemoteSwiftPackageReference "GoogleSignIn-iOS" */ = {
			isa = XCRemoteSwiftPackageReference;
			repositoryURL = "https://github.com/google/GoogleSignIn-iOS";
			requirement = {
				kind = upToNextMajorVersion;
				minimumVersion = 9.1.0;
			};
		};
/* End XCRemoteSwiftPackageReference section */

/* Begin XCSwiftPackageProductDependency section */
		4234CD942F62616F004553F3 /* FirebaseAuth */ = {
			isa = XCSwiftPackageProductDependency;
			package = 4234CD932F62616F004553F3 /* XCRemoteSwiftPackageReference "firebase-ios-sdk" */;
			productName = FirebaseAuth;
		};
		4234CD962F62616F004553F3 /* FirebaseCore */ = {
			isa = XCSwiftPackageProductDependency;
			package = 4234CD932F62616F004553F3 /* XCRemoteSwiftPackageReference "firebase-ios-sdk" */;
			productName = FirebaseCore;
		};
		4234CD992F6261A7004553F3 /* GoogleSignIn */ = {
			isa = XCSwiftPackageProductDependency;
			package = 4234CD982F6261A7004553F3 /* XCRemoteSwiftPackageReference "GoogleSignIn-iOS" */;
			productName = GoogleSignIn;
		};
		4234CD9B2F6261A7004553F3 /* GoogleSignInSwift */ = {
			isa = XCSwiftPackageProductDependency;
			package = 4234CD982F6261A7004553F3 /* XCRemoteSwiftPackageReference "GoogleSignIn-iOS" */;
			productName = GoogleSignInSwift;
		};
		4234CDA42F641CAF004553F3 /* FirebaseFirestore */ = {
			isa = XCSwiftPackageProductDependency;
			package = 4234CD932F62616F004553F3 /* XCRemoteSwiftPackageReference "firebase-ios-sdk" */;
			productName = FirebaseFirestore;
		};
/* End XCSwiftPackageProductDependency section */
	};
	rootObject = 64211DB62F61338500A95CBF /* Project object */;
}
